
Microsoft Visual Studio Solution File, Format Version 12.00
# Visual Studio Version 17
VisualStudioVersion = 17.10.35004.147
MinimumVisualStudioVersion = 10.0.40219.1
Project("{FAE04EC0-301F-11D3-BF4B-00C04F79EFBC}") = "JPEDRAZAT3", "JPEDRAZAT3.csproj", "{7F77CB82-646B-42D9-BEC7-6B9E5CEAFBAF}"
EndProject
Global
	GlobalSection(SolutionConfigurationPlatforms) = preSolution
		Debug|Any CPU = Debug|Any CPU
		Release|Any CPU = Release|Any CPU
	EndGlobalSection
	GlobalSection(ProjectConfigurationPlatforms) = postSolution
		{7F77CB82-646B-42D9-BEC7-6B9E5CEAFBAF}.Debug|Any CPU.ActiveCfg = Debug|Any CPU
		{7F77CB82-646B-42D9-BEC7-6B9E5CEAFBAF}.Debug|Any CPU.Build.0 = Debug|Any CPU
		{7F77CB82-646B-42D9-BEC7-6B9E5CEAFBAF}.Debug|Any CPU.Deploy.0 = Debug|Any CPU
		{7F77CB82-646B-42D9-BEC7-6B9E5CEAFBAF}.Release|Any CPU.ActiveCfg = Release|Any CPU
		{7F77CB82-646B-42D9-BEC7-6B9E5CEAFBAF}.Release|Any CPU.Build.0 = Release|Any CPU
		{7F77CB82-646B-42D9-BEC7-6B9E5CEAFBAF}.Release|Any CPU.Deploy.0 = Release|Any CPU
	EndGlobalSection
	GlobalSection(SolutionProperties) = preSolution
		HideSolutionNode = FALSE
	EndGlobalSection
	GlobalSection(ExtensibilityGlobals) = postSolution
		SolutionGuid = {60C46189-CFF6-4CC7-9C30-C8AB2C52BE1B}
	EndGlobalSection
EndGlobal
